github.com/TIBCOSoftware/flogo-contrib v0.5.8 h1:lnqkBbKldNbD0Sgrd/Gv92FYpwTv8Jm29EBFbDmyD2Y=
github.com/TIBCOSoftware/flogo-contrib v0.5.8/go.mod h1:gWcVjvpNFzoQy9puLgyJaLHzJaxqhkoJ8yctKTVX5K4=
github.com/TIBCOSoftware/flogo-lib v0.5.8 h1:JX6PcxtyJbya++sKiWhFRADA6UnkSRS/INuTPzOMF0Y=
github.com/TIBCOSoftware/flogo-lib v0.5.8/go.mod h1:AE7tfFBvQNemM61frHCwTJYBWC9+iXohXyqrApe6xj4=
github.com/carlescere/scheduler v0.0.0-20170109141437-ee74d2f83d82/go.mod h1:tyA14J0sA3Hph4dt+AfCjPrYR13+vVodshQSM7km9qw=
github.com/davecgh/go-spew v1.1.0 h1:ZDRjVQ15GmhC3fiQ8ni8+OwkZQO4DARzQgrnXU1Liz8=
github.com/davecgh/go-spew v1.1.0/go.mod h1:J7Y8YcW2NihsgmVo/mv3lAwl/skON4iLHjSsI+c5H38=
github.com/davecgh/go-spew v1.1.1 h1:vj9j/u1bqnvCEfJOwUhtlOARqs3+rkHYY13jYWTU97c=
github.com/davecgh/go-spew v1.1.1/go.mod h1:J7Y8YcW2NihsgmVo/mv3lAwl/skON4iLHjSsI+c5H38=
github.com/golang/protobuf v1.2.0 h1:P3YflyNX/ehuJFLhxviNdFxQPkGK5cDcApsge1SqnvM=
github.com/golang/protobuf v1.2.0/go.mod h1:6lQm79b+lXiMfvg/cZm0SGofjICqVBUtrP5yJMmIC1U=
github.com/julienschmidt/httprouter v1.2.0 h1:TDTW5Yz1mjftljbcKqRcrYhd4XeOoI98t+9HbQbYf7g=
github.com/julienschmidt/httprouter v1.2.0/go.mod h1:SYymIcj16QtmaHHD7aYtjjsJG7VTCxuUUipMqKk8s4w=
github.com/konsorten/go-windows-terminal-sequences v1.0.1/go.mod h1:T0+1ngSBFLxvqU3pZ+m/2kptfBszLMUkC4ZK/EgS/cQ=
github.com/oliveagle/jsonpath v0.0.0-20180606110733-2e52cf6e6852/go.mod h1:eqOVx5Vwu4gd2mmMZvVZsgIqNSaW3xxRThUJ0k/TPk4=
github.com/pmezard/go-difflib v1.0.0 h1:4DBwDE0NGyQoBHbLQYPwSUPoCMWR5BEzIk/f1lZbAQM=
github.com/pmezard/go-difflib v1.0.0/go.mod h1:iKH77koFhYxTK1pcRnkKkqfTogsbg7gZNVY4sRDYZ/4=
github.com/project-flogo/contrib v0.9.0-alpha.3/go.mod h1:1RHAPbNoZcLQacY5XOd7zwO+AkoCsww9OJF/pDdWTkk=
github.com/project-flogo/contrib/activity/log v0.0.0-20190429163757-406c31b50122 h1:hiu7d9A25qxqh3ng+Y9kxoZbTC81BRaddI/Nhc4nRnY=
github.com/project-flogo/contrib/activity/log v0.0.0-20190429163757-406c31b50122/go.mod h1:k2e7WbfItcxW8WwWvDglwkvPfK4l0exd2E78TTBbsM0=
github.com/project-flogo/contrib/trigger/rest v0.0.0-20190429163757-406c31b50122 h1:Bf2/qoMIycDfnNuD6JUfNSQ3Id6icRkH/4tgxfSsPao=
github.com/project-flogo/contrib/trigger/rest v0.0.0-20190429163757-406c31b50122/go.mod h1:m18O6Twe/Oe5jz3NGtzWLwWU88WHV/rSWIzx5IO+O0k=
github.com/project-flogo/core v0.9.0-alpha.3/go.mod h1:BHeB55AxPhvlNGd+it50rE977ag6xE3bD2RluSDeKBA=
github.com/project-flogo/core v0.9.0-alpha.4 h1:ny3yB8vMBRXxIXuk3V2DYxVDUN6HlqUQA70yWVWHCS0=
github.com/project-flogo/core v0.9.0-alpha.4/go.mod h1:BHeB55AxPhvlNGd+it50rE977ag6xE3bD2RluSDeKBA=
github.com/project-flogo/core v0.9.0-alpha.4.0.20190130143800-ebaa4200c4ac h1:oqNBrD483hgLQ03/HwBGWE4/TyEkjMN8GrMPCyHk1sY=
github.com/project-flogo/core v0.9.0-alpha.4.0.20190130143800-ebaa4200c4ac/go.mod h1:Dof6t60n/nvN7aPpoUz97JL+VIKdsYMbhqwN++WCdz8=
github.com/project-flogo/core v0.9.0-beta.2 h1:L5VLOfF3YfAFVJwn/tL3x0835sZIedrHcrPkYxHbPl4=
github.com/project-flogo/core v0.9.0-beta.2/go.mod h1:dzmBbQfNNC0g0KClKYQxxGJLe53MHafg75Vhmw2TW8U=
github.com/sirupsen/logrus v1.4.1 h1:GL2rEmy6nsikmW0r8opw9JIRScdMF5hA8cOYLH7In1k=
github.com/sirupsen/logrus v1.4.1/go.mod h1:ni0Sbl8bgC9z8RoU9G6nDWqqs/fq4eDPysMBDgk/93Q=
github.com/stretchr/objx v0.1.0/go.mod h1:HFkY916IF+rwdDfMAkV7OtwuqBVzrE8GR6GFx+wExME=
github.com/stretchr/objx v0.1.1/go.mod h1:HFkY916IF+rwdDfMAkV7OtwuqBVzrE8GR6GFx+wExME=
github.com/stretchr/testify v1.2.2/go.mod h1:a8OnRcib4nhh0OaRAV+Yts87kKdq0PP7pXfy6kDkUVs=
github.com/stretchr/testify v1.3.0 h1:TivCn/peBQ7UY8ooIcPgZFpTNSz0Q2U6UrFlUfqbe0Q=
github.com/stretchr/testify v1.3.0/go.mod h1:M5WIy9Dh21IEIfnGCwXGc5bZfKNJtfHm1UVUgZn+9EI=
github.com/tensorflow/tensorflow v1.12.0 h1:fT4okrN4BkpgotWmDwS56wM6BdkRpTL0lLMzvkM+bLo=
github.com/tensorflow/tensorflow v1.12.0/go.mod h1:itOSERT4trABok4UOoG+X4BoKds9F3rIsySdn+Lvu90=
github.com/xeipuuv/gojsonschema v1.1.0/go.mod h1:5yf86TLmAcydyeJq5YvxkGPE2fm/u4myDekKRoLuqhs=
go.uber.org/atomic v1.3.2 h1:2Oa65PReHzfn29GpvgsYwloV9AVFHPDk8tYxt2c2tr4=
go.uber.org/atomic v1.3.2/go.mod h1:gD2HeocX3+yG+ygLZcrzQJaqmWj9AIm7n08wl/qW/PE=
go.uber.org/multierr v1.1.0 h1:HoEmRHQPVSqub6w2z2d2EOVs2fjyFRGyofhKuyDq0QI=
go.uber.org/multierr v1.1.0/go.mod h1:wR5kodmAFQ0UK8QlbwjlSNy0Z68gJhDJUG5sjR94q/0=
go.uber.org/zap v1.9.1 h1:XCJQEf3W6eZaVwhRBof6ImoYGJSITeKWsyeh3HFu/5o=
go.uber.org/zap v1.9.1/go.mod h1:vwi/ZaCAaUcBkycHslxD9B2zi4UTXhF60s6SWpuDF0Q=
golang.org/x/sys v0.0.0-20180905080454-ebe1bf3edb33 h1:I6FyU15t786LL7oL/hn43zqTuEGr4PN7F4XJ1p4E3Y8=
golang.org/x/sys v0.0.0-20180905080454-ebe1bf3edb33/go.mod h1:STP8DvDyc/dI5b8T5hshtkjS+E42TnysNCUPdjciGhY=
